
Microsoft Visual Studio Solution File, Format Version 12.00
# Visual Studio Version 16
VisualStudioVersion = 16.0.31410.357
MinimumVisualStudioVersion = 10.0.40219.1
Project("{FAE04EC0-301F-11D3-BF4B-00C04F79EFBC}") = "CalculatorConsole", "CalculatorConsole\CalculatorConsole.csproj", "{C0938201-A936-414D-A809-FDC283740B6C}"
EndProject
Project("{FAE04EC0-301F-11D3-BF4B-00C04F79EFBC}") = "CalculatorService", "CalculatorService\CalculatorService.csproj", "{AA2909C0-8D22-473F-BBA8-5B0F28CF50CD}"
EndProject
Project("{FAE04EC0-301F-11D3-BF4B-00C04F79EFBC}") = "CalculatorService.Test", "CalculatorService.Test\CalculatorService.Test.csproj", "{EE05B594-4E8C-4A97-9545-8CB7A7BA010C}"
EndProject
Global
	GlobalSection(SolutionConfigurationPlatforms) = preSolution
		Debug|Any CPU = Debug|Any CPU
		Release|Any CPU = Release|Any CPU
	EndGlobalSection
	GlobalSection(ProjectConfigurationPlatforms) = postSolution
		{C0938201-A936-414D-A809-FDC283740B6C}.Debug|Any CPU.ActiveCfg = Debug|Any CPU
		{C0938201-A936-414D-A809-FDC283740B6C}.Debug|Any CPU.Build.0 = Debug|Any CPU
		{C0938201-A936-414D-A809-FDC283740B6C}.Release|Any CPU.ActiveCfg = Release|Any CPU
		{C0938201-A936-414D-A809-FDC283740B6C}.Release|Any CPU.Build.0 = Release|Any CPU
		{AA2909C0-8D22-473F-BBA8-5B0F28CF50CD}.Debug|Any CPU.ActiveCfg = Debug|Any CPU
		{AA2909C0-8D22-473F-BBA8-5B0F28CF50CD}.Debug|Any CPU.Build.0 = Debug|Any CPU
		{AA2909C0-8D22-473F-BBA8-5B0F28CF50CD}.Release|Any CPU.ActiveCfg = Release|Any CPU
		{AA2909C0-8D22-473F-BBA8-5B0F28CF50CD}.Release|Any CPU.Build.0 = Release|Any CPU
		{EE05B594-4E8C-4A97-9545-8CB7A7BA010C}.Debug|Any CPU.ActiveCfg = Debug|Any CPU
		{EE05B594-4E8C-4A97-9545-8CB7A7BA010C}.Debug|Any CPU.Build.0 = Debug|Any CPU
		{EE05B594-4E8C-4A97-9545-8CB7A7BA010C}.Release|Any CPU.ActiveCfg = Release|Any CPU
		{EE05B594-4E8C-4A97-9545-8CB7A7BA010C}.Release|Any CPU.Build.0 = Release|Any CPU
	EndGlobalSection
	GlobalSection(SolutionProperties) = preSolution
		HideSolutionNode = FALSE
	EndGlobalSection
	GlobalSection(ExtensibilityGlobals) = postSolution
		SolutionGuid = {880D12C1-A60D-47C5-8784-3B74BC6D2861}
	EndGlobalSection
EndGlobal
